
Microsoft Visual Studio Solution File, Format Version 12.00
# Visual Studio Version 17
VisualStudioVersion = 17.9.34616.47
MinimumVisualStudioVersion = 10.0.40219.1
Project("{9A19103F-16F7-4668-BE54-9A1E7A4F7556}") = "AllEnBackend", "4-14\AllEnBackend.csproj", "{5EBCEADD-B7AE-43C1-BD19-C14DD72FFE80}"
EndProject
Global
	GlobalSection(SolutionConfigurationPlatforms) = preSolution
		Debug|Any CPU = Debug|Any CPU
		Release|Any CPU = Release|Any CPU
	EndGlobalSection
	GlobalSection(ProjectConfigurationPlatforms) = postSolution
		{5EBCEADD-B7AE-43C1-BD19-C14DD72FFE80}.Debug|Any CPU.ActiveCfg = Debug|Any CPU
		{5EBCEADD-B7AE-43C1-BD19-C14DD72FFE80}.Debug|Any CPU.Build.0 = Debug|Any CPU
		{5EBCEADD-B7AE-43C1-BD19-C14DD72FFE80}.Release|Any CPU.ActiveCfg = Release|Any CPU
		{5EBCEADD-B7AE-43C1-BD19-C14DD72FFE80}.Release|Any CPU.Build.0 = Release|Any CPU
	EndGlobalSection
	GlobalSection(SolutionProperties) = preSolution
		HideSolutionNode = FALSE
	EndGlobalSection
	GlobalSection(ExtensibilityGlobals) = postSolution
		SolutionGuid = {0E282543-ACA7-47E4-B238-7CEA2528B531}
	EndGlobalSection
EndGlobal
